
Microsoft Visual Studio Solution File, Format Version 12.00
# Visual Studio Version 16
VisualStudioVersion = 16.0.30320.27
MinimumVisualStudioVersion = 10.0.40219.1
Project("{FAE04EC0-301F-11D3-BF4B-00C04F79EFBC}") = "CS12_01_03", "CS12_01_03\CS12_01_03.csproj", "{BA7E90FE-891C-41E8-8B33-7D2E6BB2CE1B}"
EndProject
Global
	GlobalSection(SolutionConfigurationPlatforms) = preSolution
		Debug|Any CPU = Debug|Any CPU
		Release|Any CPU = Release|Any CPU
	EndGlobalSection
	GlobalSection(ProjectConfigurationPlatforms) = postSolution
		{BA7E90FE-891C-41E8-8B33-7D2E6BB2CE1B}.Debug|Any CPU.ActiveCfg = Debug|Any CPU
		{BA7E90FE-891C-41E8-8B33-7D2E6BB2CE1B}.Debug|Any CPU.Build.0 = Debug|Any CPU
		{BA7E90FE-891C-41E8-8B33-7D2E6BB2CE1B}.Release|Any CPU.ActiveCfg = Release|Any CPU
		{BA7E90FE-891C-41E8-8B33-7D2E6BB2CE1B}.Release|Any CPU.Build.0 = Release|Any CPU
	EndGlobalSection
	GlobalSection(SolutionProperties) = preSolution
		HideSolutionNode = FALSE
	EndGlobalSection
	GlobalSection(ExtensibilityGlobals) = postSolution
		SolutionGuid = {95487737-B288-485B-B487-6462C4DB58E7}
	EndGlobalSection
EndGlobal
